
Microsoft Visual Studio Solution File, Format Version 12.00
# Visual Studio Version 16
VisualStudioVersion = 16.0.28822.285
MinimumVisualStudioVersion = 10.0.40219.1
Project("{FAE04EC0-301F-11D3-BF4B-00C04F79EFBC}") = "Control De Usuario", "Control De Usuario\Control De Usuario.csproj", "{2DF02AF2-3204-4F72-9EE1-F2C8615BD89A}"
EndProject
Global
	GlobalSection(SolutionConfigurationPlatforms) = preSolution
		Debug|Any CPU = Debug|Any CPU
		Release|Any CPU = Release|Any CPU
	EndGlobalSection
	GlobalSection(ProjectConfigurationPlatforms) = postSolution
		{2DF02AF2-3204-4F72-9EE1-F2C8615BD89A}.Debug|Any CPU.ActiveCfg = Debug|Any CPU
		{2DF02AF2-3204-4F72-9EE1-F2C8615BD89A}.Debug|Any CPU.Build.0 = Debug|Any CPU
		{2DF02AF2-3204-4F72-9EE1-F2C8615BD89A}.Release|Any CPU.ActiveCfg = Release|Any CPU
		{2DF02AF2-3204-4F72-9EE1-F2C8615BD89A}.Release|Any CPU.Build.0 = Release|Any CPU
	EndGlobalSection
	GlobalSection(SolutionProperties) = preSolution
		HideSolutionNode = FALSE
	EndGlobalSection
	GlobalSection(ExtensibilityGlobals) = postSolution
		SolutionGuid = {071CE146-DF7A-47AE-8D01-71CB6DD29886}
	EndGlobalSection
EndGlobal
